github.com/Ovy95/Chat-Application-Go-React v0.0.0-20200914084637-deb012e55dee h1:oQpm8OVm5p3eFHgF/FaFHRZJXrg4WiHnAhuYA1UZais=
github.com/gorilla/websocket v1.4.2 h1:+/TMaTYc4QFitKJxsQ7Yye35DkWvkdLcvGKqM+x0Ufc=
github.com/gorilla/websocket v1.4.2/go.mod h1:YR8l580nyteQvAITg2hZ9XVh4b55+EU/adAjf1fMHhE=
